# This file is autogenerated, do not edit; changes may be undone by the next 'dep ensure'.


[[projects]]
  name = "github.com/gruntwork-io/terratest"
  packages = [
    "modules/collections",
    "modules/logger",
    "modules/random",
    "modules/retry",
    "modules/shell",
    "modules/ssh",
    "modules/terraform"
  ]
  revision = "a15ba014670eba35acd60b1c0f295d43bf150a84"
  version = "v0.10.3"

[[projects]]
  branch = "master"
  name = "golang.org/x/crypto"
  packages = [
    "curve25519",
    "ed25519",
    "ed25519/internal/edwards25519",
    "internal/chacha20",
    "internal/subtle",
    "poly1305",
    "ssh",
    "ssh/agent"
  ]
  revision = "0709b304e793a5edb4a2c0145f281ecdc20838a4"

[[projects]]
  branch = "master"
  name = "golang.org/x/net"
  packages = ["context"]
  revision = "161cd47e91fd58ac17490ef4d742dc98bb4cf60e"

[solve-meta]
  analyzer-name = "dep"
  analyzer-version = 1
  inputs-digest = "ce4c1d566d223eb0fed180b8afeb17b94bcae92f056fdfbd379e98798a020ba5"
  solver-name = "gps-cdcl"
  solver-version = 1
